
Microsoft Visual Studio Solution File, Format Version 12.00
# Visual Studio Version 17
VisualStudioVersion = 17.8.34212.112
MinimumVisualStudioVersion = 10.0.40219.1
Project("{9A19103F-16F7-4668-BE54-9A1E7A4F7556}") = "ChunithmSongListExtractor", "ChunithmSongListExtractor\ChunithmSongListExtractor.csproj", "{CADE87BA-4F6D-432D-91A1-34EF607F1CF8}"
EndProject
Project("{9A19103F-16F7-4668-BE54-9A1E7A4F7556}") = "BotSongAliasUpdater", "BotSongAliasUpdater\BotSongAliasUpdater.csproj", "{DFFA0651-8E4B-47DB-895D-B899DCE79B4A}"
EndProject
Project("{9A19103F-16F7-4668-BE54-9A1E7A4F7556}") = "ArcaeaSongListExtractor", "ArcaeaSongListExtractor\ArcaeaSongListExtractor.csproj", "{F9314F75-0EBD-4D71-907D-E544462728A4}"
EndProject
Project("{FAE04EC0-301F-11D3-BF4B-00C04F79EFBC}") = "BmsFilenameFixer", "BmsFilenameFIxer\BmsFilenameFixer.csproj", "{EB261309-C841-46F3-8DF4-4F5400929739}"
EndProject
Project("{FAE04EC0-301F-11D3-BF4B-00C04F79EFBC}") = "OsuBeatmapExtractor", "OsuBeatmapExtractor\OsuBeatmapExtractor.csproj", "{6930D198-4E22-40F3-9200-3A726BE82FBD}"
EndProject
Project("{2150E333-8FDC-42A3-9474-1A3956D46DE8}") = "BMS", "BMS", "{4A339067-5A04-495C-902B-F53FA7E70EA9}"
EndProject
Project("{2150E333-8FDC-42A3-9474-1A3956D46DE8}") = "Chunithm", "Chunithm", "{1E684F5C-7708-40A6-87F2-9ABDAEBAF38A}"
EndProject
Project("{2150E333-8FDC-42A3-9474-1A3956D46DE8}") = "Arcaea", "Arcaea", "{7BDA08AE-BDCB-4E61-A280-B10E252FCAEB}"
EndProject
Project("{2150E333-8FDC-42A3-9474-1A3956D46DE8}") = "MarisaBot", "MarisaBot", "{89DC9802-21E2-49DE-9324-D9CF89CAF9E6}"
EndProject
Project("{2150E333-8FDC-42A3-9474-1A3956D46DE8}") = "Osu", "Osu", "{FEE99E9B-D0B3-4B43-81D3-CC90EBF86B2D}"
EndProject
Project("{2150E333-8FDC-42A3-9474-1A3956D46DE8}") = "Ongeki", "Ongeki", "{3573CEA9-DE63-446B-B92C-9510E530A7E8}"
EndProject
Project("{FAE04EC0-301F-11D3-BF4B-00C04F79EFBC}") = "OngekiSongListExtractor", "OngekiSongListExtractor\OngekiSongListExtractor.csproj", "{E6F6D464-B467-45D3-9AB8-4BC143B532C7}"
EndProject
Global
	GlobalSection(SolutionConfigurationPlatforms) = preSolution
		Debug|Any CPU = Debug|Any CPU
		Release|Any CPU = Release|Any CPU
	EndGlobalSection
	GlobalSection(ProjectConfigurationPlatforms) = postSolution
		{CADE87BA-4F6D-432D-91A1-34EF607F1CF8}.Debug|Any CPU.ActiveCfg = Debug|Any CPU
		{CADE87BA-4F6D-432D-91A1-34EF607F1CF8}.Debug|Any CPU.Build.0 = Debug|Any CPU
		{CADE87BA-4F6D-432D-91A1-34EF607F1CF8}.Release|Any CPU.ActiveCfg = Release|Any CPU
		{CADE87BA-4F6D-432D-91A1-34EF607F1CF8}.Release|Any CPU.Build.0 = Release|Any CPU
		{DFFA0651-8E4B-47DB-895D-B899DCE79B4A}.Debug|Any CPU.ActiveCfg = Debug|Any CPU
		{DFFA0651-8E4B-47DB-895D-B899DCE79B4A}.Debug|Any CPU.Build.0 = Debug|Any CPU
		{DFFA0651-8E4B-47DB-895D-B899DCE79B4A}.Release|Any CPU.ActiveCfg = Release|Any CPU
		{DFFA0651-8E4B-47DB-895D-B899DCE79B4A}.Release|Any CPU.Build.0 = Release|Any CPU
		{F9314F75-0EBD-4D71-907D-E544462728A4}.Debug|Any CPU.ActiveCfg = Debug|Any CPU
		{F9314F75-0EBD-4D71-907D-E544462728A4}.Debug|Any CPU.Build.0 = Debug|Any CPU
		{F9314F75-0EBD-4D71-907D-E544462728A4}.Release|Any CPU.ActiveCfg = Release|Any CPU
		{F9314F75-0EBD-4D71-907D-E544462728A4}.Release|Any CPU.Build.0 = Release|Any CPU
		{EB261309-C841-46F3-8DF4-4F5400929739}.Debug|Any CPU.ActiveCfg = Debug|Any CPU
		{EB261309-C841-46F3-8DF4-4F5400929739}.Debug|Any CPU.Build.0 = Debug|Any CPU
		{EB261309-C841-46F3-8DF4-4F5400929739}.Release|Any CPU.ActiveCfg = Release|Any CPU
		{EB261309-C841-46F3-8DF4-4F5400929739}.Release|Any CPU.Build.0 = Release|Any CPU
		{6930D198-4E22-40F3-9200-3A726BE82FBD}.Debug|Any CPU.ActiveCfg = Debug|Any CPU
		{6930D198-4E22-40F3-9200-3A726BE82FBD}.Debug|Any CPU.Build.0 = Debug|Any CPU
		{6930D198-4E22-40F3-9200-3A726BE82FBD}.Release|Any CPU.ActiveCfg = Release|Any CPU
		{6930D198-4E22-40F3-9200-3A726BE82FBD}.Release|Any CPU.Build.0 = Release|Any CPU
		{E6F6D464-B467-45D3-9AB8-4BC143B532C7}.Debug|Any CPU.ActiveCfg = Debug|Any CPU
		{E6F6D464-B467-45D3-9AB8-4BC143B532C7}.Debug|Any CPU.Build.0 = Debug|Any CPU
		{E6F6D464-B467-45D3-9AB8-4BC143B532C7}.Release|Any CPU.ActiveCfg = Release|Any CPU
		{E6F6D464-B467-45D3-9AB8-4BC143B532C7}.Release|Any CPU.Build.0 = Release|Any CPU
	EndGlobalSection
	GlobalSection(SolutionProperties) = preSolution
		HideSolutionNode = FALSE
	EndGlobalSection
	GlobalSection(ExtensibilityGlobals) = postSolution
		SolutionGuid = {D2C5AA84-FAE8-4C39-9212-379E38FE4ED8}
	EndGlobalSection
	GlobalSection(NestedProjects) = preSolution
		{EB261309-C841-46F3-8DF4-4F5400929739} = {4A339067-5A04-495C-902B-F53FA7E70EA9}
		{CADE87BA-4F6D-432D-91A1-34EF607F1CF8} = {1E684F5C-7708-40A6-87F2-9ABDAEBAF38A}
		{F9314F75-0EBD-4D71-907D-E544462728A4} = {7BDA08AE-BDCB-4E61-A280-B10E252FCAEB}
		{DFFA0651-8E4B-47DB-895D-B899DCE79B4A} = {89DC9802-21E2-49DE-9324-D9CF89CAF9E6}
		{6930D198-4E22-40F3-9200-3A726BE82FBD} = {FEE99E9B-D0B3-4B43-81D3-CC90EBF86B2D}
		{E6F6D464-B467-45D3-9AB8-4BC143B532C7} = {3573CEA9-DE63-446B-B92C-9510E530A7E8}
	EndGlobalSection
EndGlobal
